// !$*UTF8*$!
{
	archiveVersion = 1;
	classes = {
	};
	objectVersion = 56;
	objects = {

/* Begin PBXBuildFile section */
		130161A62B0F3FD5009B107A /* APIError.swift in Sources */ = {isa = PBXBuildFile; fileRef = 130161A52B0F3FD5009B107A /* APIError.swift */; };
		130161AB2B0F4470009B107A /* QuoteV4ViewModel.swift in Sources */ = {isa = PBXBuildFile; fileRef = 130161AA2B0F4470009B107A /* QuoteV4ViewModel.swift */; };
		130161AC2B0F4470009B107A /* QuoteV4ViewModel.swift in Sources */ = {isa = PBXBuildFile; fileRef = 130161AA2B0F4470009B107A /* QuoteV4ViewModel.swift */; };
		130161AE2B0F4541009B107A /* QuoteV4View.swift in Sources */ = {isa = PBXBuildFile; fileRef = 130161AD2B0F4541009B107A /* QuoteV4View.swift */; };
		130161AF2B0F4541009B107A /* QuoteV4View.swift in Sources */ = {isa = PBXBuildFile; fileRef = 130161AD2B0F4541009B107A /* QuoteV4View.swift */; };
		13A5ECF22B10F0CB007DE694 /* APIError.swift in Sources */ = {isa = PBXBuildFile; fileRef = 130161A52B0F3FD5009B107A /* APIError.swift */; };
		13A5ECF42B10F1E1007DE694 /* QuoteRowV4View.swift in Sources */ = {isa = PBXBuildFile; fileRef = 13A5ECF32B10F1E1007DE694 /* QuoteRowV4View.swift */; };
		13A5ECF52B10F1E1007DE694 /* QuoteRowV4View.swift in Sources */ = {isa = PBXBuildFile; fileRef = 13A5ECF32B10F1E1007DE694 /* QuoteRowV4View.swift */; };
		13A5ECF82B10F3D2007DE694 /* MasterView.swift in Sources */ = {isa = PBXBuildFile; fileRef = 13A5ECF72B10F3D2007DE694 /* MasterView.swift */; };
		13A5ECF92B10F3D2007DE694 /* MasterView.swift in Sources */ = {isa = PBXBuildFile; fileRef = 13A5ECF72B10F3D2007DE694 /* MasterView.swift */; };
		13A5ECFA2B10F445007DE694 /* QuotesListView.swift in Sources */ = {isa = PBXBuildFile; fileRef = 13AA320F2B0E325E0012E612 /* QuotesListView.swift */; };
		13A5ECFB2B10F44E007DE694 /* QuotesListViewModel.swift in Sources */ = {isa = PBXBuildFile; fileRef = 13AA323B2B0E38480012E612 /* QuotesListViewModel.swift */; };
		13A5ECFC2B10F463007DE694 /* QuoteRowView.swift in Sources */ = {isa = PBXBuildFile; fileRef = 13AA323F2B0E38F70012E612 /* QuoteRowView.swift */; };
		13AA320E2B0E325E0012E612 /* DEMO_WidgetAppApp.swift in Sources */ = {isa = PBXBuildFile; fileRef = 13AA320D2B0E325E0012E612 /* DEMO_WidgetAppApp.swift */; };
		13AA32102B0E325E0012E612 /* QuotesListView.swift in Sources */ = {isa = PBXBuildFile; fileRef = 13AA320F2B0E325E0012E612 /* QuotesListView.swift */; };
		13AA32122B0E32600012E612 /* Assets.xcassets in Resources */ = {isa = PBXBuildFile; fileRef = 13AA32112B0E32600012E612 /* Assets.xcassets */; };
		13AA32152B0E32600012E612 /* Preview Assets.xcassets in Resources */ = {isa = PBXBuildFile; fileRef = 13AA32142B0E32600012E612 /* Preview Assets.xcassets */; };
		13AA321E2B0E32CA0012E612 /* source.json in Resources */ = {isa = PBXBuildFile; fileRef = 13AA321D2B0E32CA0012E612 /* source.json */; };
		13AA32242B0E33B40012E612 /* QuoteDTO.swift in Sources */ = {isa = PBXBuildFile; fileRef = 13AA32232B0E33B40012E612 /* QuoteDTO.swift */; };
		13AA32282B0E33DE0012E612 /* Quote.swift in Sources */ = {isa = PBXBuildFile; fileRef = 13AA32272B0E33DE0012E612 /* Quote.swift */; };
		13AA322B2B0E33F90012E612 /* Quote+Mappers.swift in Sources */ = {isa = PBXBuildFile; fileRef = 13AA322A2B0E33F90012E612 /* Quote+Mappers.swift */; };
		13AA322D2B0E350D0012E612 /* DataParser.swift in Sources */ = {isa = PBXBuildFile; fileRef = 13AA322C2B0E350D0012E612 /* DataParser.swift */; };
		13AA32312B0E360E0012E612 /* QuoteRepository.swift in Sources */ = {isa = PBXBuildFile; fileRef = 13AA32302B0E360E0012E612 /* QuoteRepository.swift */; };
		13AA32332B0E36470012E612 /* QuoteRepositoryDefault.swift in Sources */ = {isa = PBXBuildFile; fileRef = 13AA32322B0E36470012E612 /* QuoteRepositoryDefault.swift */; };
		13AA32352B0E36910012E612 /* QuoteAPI.swift in Sources */ = {isa = PBXBuildFile; fileRef = 13AA32342B0E36910012E612 /* QuoteAPI.swift */; };
		13AA323C2B0E38480012E612 /* QuotesListViewModel.swift in Sources */ = {isa = PBXBuildFile; fileRef = 13AA323B2B0E38480012E612 /* QuotesListViewModel.swift */; };
		13AA32402B0E38F70012E612 /* QuoteRowView.swift in Sources */ = {isa = PBXBuildFile; fileRef = 13AA323F2B0E38F70012E612 /* QuoteRowView.swift */; };
		13AA32672B0E410B0012E612 /* WidgetKit.framework in Frameworks */ = {isa = PBXBuildFile; fileRef = 13AA32662B0E410A0012E612 /* WidgetKit.framework */; };
		13AA32692B0E410B0012E612 /* SwiftUI.framework in Frameworks */ = {isa = PBXBuildFile; fileRef = 13AA32682B0E410B0012E612 /* SwiftUI.framework */; };
		13AA326C2B0E410B0012E612 /* QuoteWidgetBundle.swift in Sources */ = {isa = PBXBuildFile; fileRef = 13AA326B2B0E410B0012E612 /* QuoteWidgetBundle.swift */; };
		13AA326E2B0E410B0012E612 /* QuoteWidget.swift in Sources */ = {isa = PBXBuildFile; fileRef = 13AA326D2B0E410B0012E612 /* QuoteWidget.swift */; };
		13AA32702B0E410C0012E612 /* Assets.xcassets in Resources */ = {isa = PBXBuildFile; fileRef = 13AA326F2B0E410C0012E612 /* Assets.xcassets */; };
		13AA32742B0E410C0012E612 /* QuoteWidgetExtension.appex in Embed Foundation Extensions */ = {isa = PBXBuildFile; fileRef = 13AA32642B0E410A0012E612 /* QuoteWidgetExtension.appex */; settings = {ATTRIBUTES = (RemoveHeadersOnCopy, ); }; };
		13AA327C2B0E44270012E612 /* QuoteViewModel.swift in Sources */ = {isa = PBXBuildFile; fileRef = 13AA327B2B0E44270012E612 /* QuoteViewModel.swift */; };
		13AA327D2B0E44270012E612 /* QuoteViewModel.swift in Sources */ = {isa = PBXBuildFile; fileRef = 13AA327B2B0E44270012E612 /* QuoteViewModel.swift */; };
		13AA327E2B0E47810012E612 /* Quote.swift in Sources */ = {isa = PBXBuildFile; fileRef = 13AA32272B0E33DE0012E612 /* Quote.swift */; };
		13AA327F2B0E47880012E612 /* QuoteRepositoryDefault.swift in Sources */ = {isa = PBXBuildFile; fileRef = 13AA32322B0E36470012E612 /* QuoteRepositoryDefault.swift */; };
		13AA32802B0E478C0012E612 /* DataParser.swift in Sources */ = {isa = PBXBuildFile; fileRef = 13AA322C2B0E350D0012E612 /* DataParser.swift */; };
		13AA32812B0E478E0012E612 /* QuoteAPI.swift in Sources */ = {isa = PBXBuildFile; fileRef = 13AA32342B0E36910012E612 /* QuoteAPI.swift */; };
		13AA32822B0E47920012E612 /* QuoteDTO.swift in Sources */ = {isa = PBXBuildFile; fileRef = 13AA32232B0E33B40012E612 /* QuoteDTO.swift */; };
		13AA32832B0E47950012E612 /* QuoteRepository.swift in Sources */ = {isa = PBXBuildFile; fileRef = 13AA32302B0E360E0012E612 /* QuoteRepository.swift */; };
		13AA32842B0E47990012E612 /* Quote+Mappers.swift in Sources */ = {isa = PBXBuildFile; fileRef = 13AA322A2B0E33F90012E612 /* Quote+Mappers.swift */; };
		13AA32852B0E47A00012E612 /* source.json in Resources */ = {isa = PBXBuildFile; fileRef = 13AA321D2B0E32CA0012E612 /* source.json */; };
/* End PBXBuildFile section */

/* Begin PBXContainerItemProxy section */
		13AA32722B0E410C0012E612 /* PBXContainerItemProxy */ = {
			isa = PBXContainerItemProxy;
			containerPortal = 13AA32022B0E325E0012E612 /* Project object */;
			proxyType = 1;
			remoteGlobalIDString = 13AA32632B0E410A0012E612;
			remoteInfo = QuoteWidgetExtension;
		};
/* End PBXContainerItemProxy section */

/* Begin PBXCopyFilesBuildPhase section */
		13AA32752B0E410C0012E612 /* Embed Foundation Extensions */ = {
			isa = PBXCopyFilesBuildPhase;
			buildActionMask = 2147483647;
			dstPath = "";
			dstSubfolderSpec = 13;
			files = (
				13AA32742B0E410C0012E612 /* QuoteWidgetExtension.appex in Embed Foundation Extensions */,
			);
			name = "Embed Foundation Extensions";
			runOnlyForDeploymentPostprocessing = 0;
		};
/* End PBXCopyFilesBuildPhase section */

/* Begin PBXFileReference section */
		130161A52B0F3FD5009B107A /* APIError.swift */ = {isa = PBXFileReference; lastKnownFileType = sourcecode.swift; path = APIError.swift; sourceTree = "<group>"; };
		130161AA2B0F4470009B107A /* QuoteV4ViewModel.swift */ = {isa = PBXFileReference; lastKnownFileType = sourcecode.swift; path = QuoteV4ViewModel.swift; sourceTree = "<group>"; };
		130161AD2B0F4541009B107A /* QuoteV4View.swift */ = {isa = PBXFileReference; lastKnownFileType = sourcecode.swift; path = QuoteV4View.swift; sourceTree = "<group>"; };
		13A5ECF32B10F1E1007DE694 /* QuoteRowV4View.swift */ = {isa = PBXFileReference; lastKnownFileType = sourcecode.swift; path = QuoteRowV4View.swift; sourceTree = "<group>"; };
		13A5ECF72B10F3D2007DE694 /* MasterView.swift */ = {isa = PBXFileReference; lastKnownFileType = sourcecode.swift; path = MasterView.swift; sourceTree = "<group>"; };
		13AA320A2B0E325E0012E612 /* DEMO_WidgetApp.app */ = {isa = PBXFileReference; explicitFileType = wrapper.application; includeInIndex = 0; path = DEMO_WidgetApp.app; sourceTree = BUILT_PRODUCTS_DIR; };
		13AA320D2B0E325E0012E612 /* DEMO_WidgetAppApp.swift */ = {isa = PBXFileReference; lastKnownFileType = sourcecode.swift; path = DEMO_WidgetAppApp.swift; sourceTree = "<group>"; };
		13AA320F2B0E325E0012E612 /* QuotesListView.swift */ = {isa = PBXFileReference; lastKnownFileType = sourcecode.swift; path = QuotesListView.swift; sourceTree = "<group>"; };
		13AA32112B0E32600012E612 /* Assets.xcassets */ = {isa = PBXFileReference; lastKnownFileType = folder.assetcatalog; path = Assets.xcassets; sourceTree = "<group>"; };
		13AA32142B0E32600012E612 /* Preview Assets.xcassets */ = {isa = PBXFileReference; lastKnownFileType = folder.assetcatalog; path = "Preview Assets.xcassets"; sourceTree = "<group>"; };
		13AA321D2B0E32CA0012E612 /* source.json */ = {isa = PBXFileReference; lastKnownFileType = text.json; path = source.json; sourceTree = "<group>"; };
		13AA32232B0E33B40012E612 /* QuoteDTO.swift */ = {isa = PBXFileReference; lastKnownFileType = sourcecode.swift; path = QuoteDTO.swift; sourceTree = "<group>"; };
		13AA32272B0E33DE0012E612 /* Quote.swift */ = {isa = PBXFileReference; lastKnownFileType = sourcecode.swift; path = Quote.swift; sourceTree = "<group>"; };
		13AA322A2B0E33F90012E612 /* Quote+Mappers.swift */ = {isa = PBXFileReference; lastKnownFileType = sourcecode.swift; path = "Quote+Mappers.swift"; sourceTree = "<group>"; };
		13AA322C2B0E350D0012E612 /* DataParser.swift */ = {isa = PBXFileReference; lastKnownFileType = sourcecode.swift; path = DataParser.swift; sourceTree = "<group>"; };
		13AA32302B0E360E0012E612 /* QuoteRepository.swift */ = {isa = PBXFileReference; lastKnownFileType = sourcecode.swift; path = QuoteRepository.swift; sourceTree = "<group>"; };
		13AA32322B0E36470012E612 /* QuoteRepositoryDefault.swift */ = {isa = PBXFileReference; lastKnownFileType = sourcecode.swift; path = QuoteRepositoryDefault.swift; sourceTree = "<group>"; };
		13AA32342B0E36910012E612 /* QuoteAPI.swift */ = {isa = PBXFileReference; lastKnownFileType = sourcecode.swift; path = QuoteAPI.swift; sourceTree = "<group>"; };
		13AA323B2B0E38480012E612 /* QuotesListViewModel.swift */ = {isa = PBXFileReference; lastKnownFileType = sourcecode.swift; path = QuotesListViewModel.swift; sourceTree = "<group>"; };
		13AA323F2B0E38F70012E612 /* QuoteRowView.swift */ = {isa = PBXFileReference; lastKnownFileType = sourcecode.swift; path = QuoteRowView.swift; sourceTree = "<group>"; };
		13AA32642B0E410A0012E612 /* QuoteWidgetExtension.appex */ = {isa = PBXFileReference; explicitFileType = "wrapper.app-extension"; includeInIndex = 0; path = QuoteWidgetExtension.appex; sourceTree = BUILT_PRODUCTS_DIR; };
		13AA32662B0E410A0012E612 /* WidgetKit.framework */ = {isa = PBXFileReference; lastKnownFileType = wrapper.framework; name = WidgetKit.framework; path = System/Library/Frameworks/WidgetKit.framework; sourceTree = SDKROOT; };
		13AA32682B0E410B0012E612 /* SwiftUI.framework */ = {isa = PBXFileReference; lastKnownFileType = wrapper.framework; name = SwiftUI.framework; path = System/Library/Frameworks/SwiftUI.framework; sourceTree = SDKROOT; };
		13AA326B2B0E410B0012E612 /* QuoteWidgetBundle.swift */ = {isa = PBXFileReference; lastKnownFileType = sourcecode.swift; path = QuoteWidgetBundle.swift; sourceTree = "<group>"; };
		13AA326D2B0E410B0012E612 /* QuoteWidget.swift */ = {isa = PBXFileReference; lastKnownFileType = sourcecode.swift; path = QuoteWidget.swift; sourceTree = "<group>"; };
		13AA326F2B0E410C0012E612 /* Assets.xcassets */ = {isa = PBXFileReference; lastKnownFileType = folder.assetcatalog; path = Assets.xcassets; sourceTree = "<group>"; };
		13AA32712B0E410C0012E612 /* Info.plist */ = {isa = PBXFileReference; lastKnownFileType = text.plist.xml; path = Info.plist; sourceTree = "<group>"; };
		13AA327B2B0E44270012E612 /* QuoteViewModel.swift */ = {isa = PBXFileReference; lastKnownFileType = sourcecode.swift; path = QuoteViewModel.swift; sourceTree = "<group>"; };
/* End PBXFileReference section */

/* Begin PBXFrameworksBuildPhase section */
		13AA32072B0E325E0012E612 /* Frameworks */ = {
			isa = PBXFrameworksBuildPhase;
			buildActionMask = 2147483647;
			files = (
			);
			runOnlyForDeploymentPostprocessing = 0;
		};
		13AA32612B0E410A0012E612 /* Frameworks */ = {
			isa = PBXFrameworksBuildPhase;
			buildActionMask = 2147483647;
			files = (
				13AA32692B0E410B0012E612 /* SwiftUI.framework in Frameworks */,
				13AA32672B0E410B0012E612 /* WidgetKit.framework in Frameworks */,
			);
			runOnlyForDeploymentPostprocessing = 0;
		};
/* End PBXFrameworksBuildPhase section */

/* Begin PBXGroup section */
		130161A72B0F444F009B107A /* QuoteV4 */ = {
			isa = PBXGroup;
			children = (
				130161A92B0F4458009B107A /* View */,
				130161A82B0F4454009B107A /* ViewModel */,
			);
			path = QuoteV4;
			sourceTree = "<group>";
		};
		130161A82B0F4454009B107A /* ViewModel */ = {
			isa = PBXGroup;
			children = (
				130161AA2B0F4470009B107A /* QuoteV4ViewModel.swift */,
			);
			path = ViewModel;
			sourceTree = "<group>";
		};
		130161A92B0F4458009B107A /* View */ = {
			isa = PBXGroup;
			children = (
				130161AD2B0F4541009B107A /* QuoteV4View.swift */,
				13A5ECF32B10F1E1007DE694 /* QuoteRowV4View.swift */,
			);
			path = View;
			sourceTree = "<group>";
		};
		13A5ECF62B10F3C6007DE694 /* Master */ = {
			isa = PBXGroup;
			children = (
				13A5ECF72B10F3D2007DE694 /* MasterView.swift */,
			);
			path = Master;
			sourceTree = "<group>";
		};
		13AA32012B0E325E0012E612 = {
			isa = PBXGroup;
			children = (
				13AA320C2B0E325E0012E612 /* DEMO_WidgetApp */,
				13AA326A2B0E410B0012E612 /* QuoteWidget */,
				13AA32652B0E410A0012E612 /* Frameworks */,
				13AA320B2B0E325E0012E612 /* Products */,
			);
			sourceTree = "<group>";
		};
		13AA320B2B0E325E0012E612 /* Products */ = {
			isa = PBXGroup;
			children = (
				13AA320A2B0E325E0012E612 /* DEMO_WidgetApp.app */,
				13AA32642B0E410A0012E612 /* QuoteWidgetExtension.appex */,
			);
			name = Products;
			sourceTree = "<group>";
		};
		13AA320C2B0E325E0012E612 /* DEMO_WidgetApp */ = {
			isa = PBXGroup;
			children = (
				13AA321F2B0E33080012E612 /* Data */,
				13AA32222B0E33A70012E612 /* Domain */,
				13AA32362B0E37F20012E612 /* Presentation */,
				13AA321B2B0E32BB0012E612 /* Resources */,
				13AA320D2B0E325E0012E612 /* DEMO_WidgetAppApp.swift */,
				13AA32112B0E32600012E612 /* Assets.xcassets */,
				13AA32132B0E32600012E612 /* Preview Content */,
			);
			path = DEMO_WidgetApp;
			sourceTree = "<group>";
		};
		13AA32132B0E32600012E612 /* Preview Content */ = {
			isa = PBXGroup;
			children = (
				13AA32142B0E32600012E612 /* Preview Assets.xcassets */,
			);
			path = "Preview Content";
			sourceTree = "<group>";
		};
		13AA321B2B0E32BB0012E612 /* Resources */ = {
			isa = PBXGroup;
			children = (
				13AA321C2B0E32C00012E612 /* JSON */,
			);
			path = Resources;
			sourceTree = "<group>";
		};
		13AA321C2B0E32C00012E612 /* JSON */ = {
			isa = PBXGroup;
			children = (
				13AA321D2B0E32CA0012E612 /* source.json */,
			);
			path = JSON;
			sourceTree = "<group>";
		};
		13AA321F2B0E33080012E612 /* Data */ = {
			isa = PBXGroup;
			children = (
				13AA322E2B0E35DF0012E612 /* Repository */,
				13AA32212B0E332A0012E612 /* Networking */,
				13AA32202B0E33250012E612 /* DTO */,
			);
			path = Data;
			sourceTree = "<group>";
		};
		13AA32202B0E33250012E612 /* DTO */ = {
			isa = PBXGroup;
			children = (
				13AA32232B0E33B40012E612 /* QuoteDTO.swift */,
			);
			path = DTO;
			sourceTree = "<group>";
		};
		13AA32212B0E332A0012E612 /* Networking */ = {
			isa = PBXGroup;
			children = (
				13AA322C2B0E350D0012E612 /* DataParser.swift */,
				13AA32342B0E36910012E612 /* QuoteAPI.swift */,
				130161A52B0F3FD5009B107A /* APIError.swift */,
			);
			path = Networking;
			sourceTree = "<group>";
		};
		13AA32222B0E33A70012E612 /* Domain */ = {
			isa = PBXGroup;
			children = (
				13AA322F2B0E35FF0012E612 /* Quote */,
				13AA32262B0E33D60012E612 /* Mappers */,
				13AA32252B0E33D30012E612 /* Model */,
			);
			path = Domain;
			sourceTree = "<group>";
		};
		13AA32252B0E33D30012E612 /* Model */ = {
			isa = PBXGroup;
			children = (
				13AA32272B0E33DE0012E612 /* Quote.swift */,
			);
			path = Model;
			sourceTree = "<group>";
		};
		13AA32262B0E33D60012E612 /* Mappers */ = {
			isa = PBXGroup;
			children = (
				13AA322A2B0E33F90012E612 /* Quote+Mappers.swift */,
			);
			path = Mappers;
			sourceTree = "<group>";
		};
		13AA322E2B0E35DF0012E612 /* Repository */ = {
			isa = PBXGroup;
			children = (
				13AA32322B0E36470012E612 /* QuoteRepositoryDefault.swift */,
			);
			path = Repository;
			sourceTree = "<group>";
		};
		13AA322F2B0E35FF0012E612 /* Quote */ = {
			isa = PBXGroup;
			children = (
				13AA32302B0E360E0012E612 /* QuoteRepository.swift */,
			);
			path = Quote;
			sourceTree = "<group>";
		};
		13AA32362B0E37F20012E612 /* Presentation */ = {
			isa = PBXGroup;
			children = (
				13A5ECF62B10F3C6007DE694 /* Master */,
				130161A72B0F444F009B107A /* QuoteV4 */,
				13AA32372B0E38050012E612 /* Quote */,
			);
			path = Presentation;
			sourceTree = "<group>";
		};
		13AA32372B0E38050012E612 /* Quote */ = {
			isa = PBXGroup;
			children = (
				13AA32392B0E380A0012E612 /* ViewModel */,
				13AA32382B0E38070012E612 /* View */,
			);
			path = Quote;
			sourceTree = "<group>";
		};
		13AA32382B0E38070012E612 /* View */ = {
			isa = PBXGroup;
			children = (
				13AA320F2B0E325E0012E612 /* QuotesListView.swift */,
				13AA323F2B0E38F70012E612 /* QuoteRowView.swift */,
			);
			path = View;
			sourceTree = "<group>";
		};
		13AA32392B0E380A0012E612 /* ViewModel */ = {
			isa = PBXGroup;
			children = (
				13AA323B2B0E38480012E612 /* QuotesListViewModel.swift */,
			);
			path = ViewModel;
			sourceTree = "<group>";
		};
		13AA32652B0E410A0012E612 /* Frameworks */ = {
			isa = PBXGroup;
			children = (
				13AA32662B0E410A0012E612 /* WidgetKit.framework */,
				13AA32682B0E410B0012E612 /* SwiftUI.framework */,
			);
			name = Frameworks;
			sourceTree = "<group>";
		};
		13AA326A2B0E410B0012E612 /* QuoteWidget */ = {
			isa = PBXGroup;
			children = (
				13AA327A2B0E44070012E612 /* View */,
				13AA32792B0E43FF0012E612 /* ViewModel */,
				13AA326B2B0E410B0012E612 /* QuoteWidgetBundle.swift */,
				13AA326F2B0E410C0012E612 /* Assets.xcassets */,
				13AA32712B0E410C0012E612 /* Info.plist */,
			);
			path = QuoteWidget;
			sourceTree = "<group>";
		};
		13AA32792B0E43FF0012E612 /* ViewModel */ = {
			isa = PBXGroup;
			children = (
				13AA327B2B0E44270012E612 /* QuoteViewModel.swift */,
			);
			path = ViewModel;
			sourceTree = "<group>";
		};
		13AA327A2B0E44070012E612 /* View */ = {
			isa = PBXGroup;
			children = (
				13AA326D2B0E410B0012E612 /* QuoteWidget.swift */,
			);
			path = View;
			sourceTree = "<group>";
		};
/* End PBXGroup section */

/* Begin PBXNativeTarget section */
		13AA32092B0E325E0012E612 /* DEMO_WidgetApp */ = {
			isa = PBXNativeTarget;
			buildConfigurationList = 13AA32182B0E32600012E612 /* Build configuration list for PBXNativeTarget "DEMO_WidgetApp" */;
			buildPhases = (
				13AA32062B0E325E0012E612 /* Sources */,
				13AA32072B0E325E0012E612 /* Frameworks */,
				13AA32082B0E325E0012E612 /* Resources */,
				13AA32752B0E410C0012E612 /* Embed Foundation Extensions */,
			);
			buildRules = (
			);
			dependencies = (
				13AA32732B0E410C0012E612 /* PBXTargetDependency */,
			);
			name = DEMO_WidgetApp;
			productName = DEMO_WidgetApp;
			productReference = 13AA320A2B0E325E0012E612 /* DEMO_WidgetApp.app */;
			productType = "com.apple.product-type.application";
		};
		13AA32632B0E410A0012E612 /* QuoteWidgetExtension */ = {
			isa = PBXNativeTarget;
			buildConfigurationList = 13AA32782B0E410C0012E612 /* Build configuration list for PBXNativeTarget "QuoteWidgetExtension" */;
			buildPhases = (
				13AA32602B0E410A0012E612 /* Sources */,
				13AA32612B0E410A0012E612 /* Frameworks */,
				13AA32622B0E410A0012E612 /* Resources */,
			);
			buildRules = (
			);
			dependencies = (
			);
			name = QuoteWidgetExtension;
			productName = QuoteWidgetExtension;
			productReference = 13AA32642B0E410A0012E612 /* QuoteWidgetExtension.appex */;
			productType = "com.apple.product-type.app-extension";
		};
/* End PBXNativeTarget section */

/* Begin PBXProject section */
		13AA32022B0E325E0012E612 /* Project object */ = {
			isa = PBXProject;
			attributes = {
				BuildIndependentTargetsInParallel = 1;
				LastSwiftUpdateCheck = 1500;
				LastUpgradeCheck = 1500;
				TargetAttributes = {
					13AA32092B0E325E0012E612 = {
						CreatedOnToolsVersion = 15.0.1;
					};
					13AA32632B0E410A0012E612 = {
						CreatedOnToolsVersion = 15.0.1;
					};
				};
			};
			buildConfigurationList = 13AA32052B0E325E0012E612 /* Build configuration list for PBXProject "DEMO_WidgetApp" */;
			compatibilityVersion = "Xcode 14.0";
			developmentRegion = en;
			hasScannedForEncodings = 0;
			knownRegions = (
				en,
				Base,
			);
			mainGroup = 13AA32012B0E325E0012E612;
			productRefGroup = 13AA320B2B0E325E0012E612 /* Products */;
			projectDirPath = "";
			projectRoot = "";
			targets = (
				13AA32092B0E325E0012E612 /* DEMO_WidgetApp */,
				13AA32632B0E410A0012E612 /* QuoteWidgetExtension */,
			);
		};
/* End PBXProject section */

/* Begin PBXResourcesBuildPhase section */
		13AA32082B0E325E0012E612 /* Resources */ = {
			isa = PBXResourcesBuildPhase;
			buildActionMask = 2147483647;
			files = (
				13AA32152B0E32600012E612 /* Preview Assets.xcassets in Resources */,
				13AA321E2B0E32CA0012E612 /* source.json in Resources */,
				13AA32122B0E32600012E612 /* Assets.xcassets in Resources */,
			);
			runOnlyForDeploymentPostprocessing = 0;
		};
		13AA32622B0E410A0012E612 /* Resources */ = {
			isa = PBXResourcesBuildPhase;
			buildActionMask = 2147483647;
			files = (
				13AA32852B0E47A00012E612 /* source.json in Resources */,
				13AA32702B0E410C0012E612 /* Assets.xcassets in Resources */,
			);
			runOnlyForDeploymentPostprocessing = 0;
		};
/* End PBXResourcesBuildPhase section */

/* Begin PBXSourcesBuildPhase section */
		13AA32062B0E325E0012E612 /* Sources */ = {
			isa = PBXSourcesBuildPhase;
			buildActionMask = 2147483647;
			files = (
				13AA32282B0E33DE0012E612 /* Quote.swift in Sources */,
				13AA32402B0E38F70012E612 /* QuoteRowView.swift in Sources */,
				13A5ECF82B10F3D2007DE694 /* MasterView.swift in Sources */,
				13AA322B2B0E33F90012E612 /* Quote+Mappers.swift in Sources */,
				13AA32332B0E36470012E612 /* QuoteRepositoryDefault.swift in Sources */,
				13AA323C2B0E38480012E612 /* QuotesListViewModel.swift in Sources */,
				130161AB2B0F4470009B107A /* QuoteV4ViewModel.swift in Sources */,
				130161A62B0F3FD5009B107A /* APIError.swift in Sources */,
				13AA32352B0E36910012E612 /* QuoteAPI.swift in Sources */,
				13AA322D2B0E350D0012E612 /* DataParser.swift in Sources */,
				13AA32242B0E33B40012E612 /* QuoteDTO.swift in Sources */,
				13A5ECF42B10F1E1007DE694 /* QuoteRowV4View.swift in Sources */,
				13AA32102B0E325E0012E612 /* QuotesListView.swift in Sources */,
				13AA327C2B0E44270012E612 /* QuoteViewModel.swift in Sources */,
				13AA320E2B0E325E0012E612 /* DEMO_WidgetAppApp.swift in Sources */,
				13AA32312B0E360E0012E612 /* QuoteRepository.swift in Sources */,
				130161AE2B0F4541009B107A /* QuoteV4View.swift in Sources */,
			);
			runOnlyForDeploymentPostprocessing = 0;
		};
		13AA32602B0E410A0012E612 /* Sources */ = {
			isa = PBXSourcesBuildPhase;
			buildActionMask = 2147483647;
			files = (
				13AA327E2B0E47810012E612 /* Quote.swift in Sources */,
				13AA32842B0E47990012E612 /* Quote+Mappers.swift in Sources */,
				13AA327D2B0E44270012E612 /* QuoteViewModel.swift in Sources */,
				13A5ECF92B10F3D2007DE694 /* MasterView.swift in Sources */,
				130161AC2B0F4470009B107A /* QuoteV4ViewModel.swift in Sources */,
				13AA32802B0E478C0012E612 /* DataParser.swift in Sources */,
				13AA327F2B0E47880012E612 /* QuoteRepositoryDefault.swift in Sources */,
				13A5ECFA2B10F445007DE694 /* QuotesListView.swift in Sources */,
				13A5ECF52B10F1E1007DE694 /* QuoteRowV4View.swift in Sources */,
				13AA32812B0E478E0012E612 /* QuoteAPI.swift in Sources */,
				13A5ECFB2B10F44E007DE694 /* QuotesListViewModel.swift in Sources */,
				13AA326E2B0E410B0012E612 /* QuoteWidget.swift in Sources */,
				13AA32822B0E47920012E612 /* QuoteDTO.swift in Sources */,
				13AA326C2B0E410B0012E612 /* QuoteWidgetBundle.swift in Sources */,
				13A5ECFC2B10F463007DE694 /* QuoteRowView.swift in Sources */,
				13AA32832B0E47950012E612 /* QuoteRepository.swift in Sources */,
				130161AF2B0F4541009B107A /* QuoteV4View.swift in Sources */,
				13A5ECF22B10F0CB007DE694 /* APIError.swift in Sources */,
			);
			runOnlyForDeploymentPostprocessing = 0;
		};
/* End PBXSourcesBuildPhase section */

/* Begin PBXTargetDependency section */
		13AA32732B0E410C0012E612 /* PBXTargetDependency */ = {
			isa = PBXTargetDependency;
			target = 13AA32632B0E410A0012E612 /* QuoteWidgetExtension */;
			targetProxy = 13AA32722B0E410C0012E612 /* PBXContainerItemProxy */;
		};
/* End PBXTargetDependency section */

/* Begin XCBuildConfiguration section */
		13AA32162B0E32600012E612 /* Debug */ = {
			isa = XCBuildConfiguration;
			buildSettings = {
				ALWAYS_SEARCH_USER_PATHS = NO;
				ASSETCATALOG_COMPILER_GENERATE_SWIFT_ASSET_SYMBOL_EXTENSIONS = YES;
				CLANG_ANALYZER_NONNULL = YES;
				CLANG_ANALYZER_NUMBER_OBJECT_CONVERSION = YES_AGGRESSIVE;
				CLANG_CXX_LANGUAGE_STANDARD = "gnu++20";
				CLANG_ENABLE_MODULES = YES;
				CLANG_ENABLE_OBJC_ARC = YES;
				CLANG_ENABLE_OBJC_WEAK = YES;
				CLANG_WARN_BLOCK_CAPTURE_AUTORELEASING = YES;
				CLANG_WARN_BOOL_CONVERSION = YES;
				CLANG_WARN_COMMA = YES;
				CLANG_WARN_CONSTANT_CONVERSION = YES;
				CLANG_WARN_DEPRECATED_OBJC_IMPLEMENTATIONS = YES;
				CLANG_WARN_DIRECT_OBJC_ISA_USAGE = YES_ERROR;
				CLANG_WARN_DOCUMENTATION_COMMENTS = YES;
				CLANG_WARN_EMPTY_BODY = YES;
				CLANG_WARN_ENUM_CONVERSION = YES;
				CLANG_WARN_INFINITE_RECURSION = YES;
				CLANG_WARN_INT_CONVERSION = YES;
				CLANG_WARN_NON_LITERAL_NULL_CONVERSION = YES;
				CLANG_WARN_OBJC_IMPLICIT_RETAIN_SELF = YES;
				CLANG_WARN_OBJC_LITERAL_CONVERSION = YES;
				CLANG_WARN_OBJC_ROOT_CLASS = YES_ERROR;
				CLANG_WARN_QUOTED_INCLUDE_IN_FRAMEWORK_HEADER = YES;
				CLANG_WARN_RANGE_LOOP_ANALYSIS = YES;
				CLANG_WARN_STRICT_PROTOTYPES = YES;
				CLANG_WARN_SUSPICIOUS_MOVE = YES;
				CLANG_WARN_UNGUARDED_AVAILABILITY = YES_AGGRESSIVE;
				CLANG_WARN_UNREACHABLE_CODE = YES;
				CLANG_WARN__DUPLICATE_METHOD_MATCH = YES;
				COPY_PHASE_STRIP = NO;
				DEBUG_INFORMATION_FORMAT = dwarf;
				ENABLE_STRICT_OBJC_MSGSEND = YES;
				ENABLE_TESTABILITY = YES;
				ENABLE_USER_SCRIPT_SANDBOXING = YES;
				GCC_C_LANGUAGE_STANDARD = gnu17;
				GCC_DYNAMIC_NO_PIC = NO;
				GCC_NO_COMMON_BLOCKS = YES;
				GCC_OPTIMIZATION_LEVEL = 0;
				GCC_PREPROCESSOR_DEFINITIONS = (
					"DEBUG=1",
					"$(inherited)",
				);
				GCC_WARN_64_TO_32_BIT_CONVERSION = YES;
				GCC_WARN_ABOUT_RETURN_TYPE = YES_ERROR;
				GCC_WARN_UNDECLARED_SELECTOR = YES;
				GCC_WARN_UNINITIALIZED_AUTOS = YES_AGGRESSIVE;
				GCC_WARN_UNUSED_FUNCTION = YES;
				GCC_WARN_UNUSED_VARIABLE = YES;
				IPHONEOS_DEPLOYMENT_TARGET = 17.0;
				LOCALIZATION_PREFERS_STRING_CATALOGS = YES;
				MTL_ENABLE_DEBUG_INFO = INCLUDE_SOURCE;
				MTL_FAST_MATH = YES;
				ONLY_ACTIVE_ARCH = YES;
				SDKROOT = iphoneos;
				SWIFT_ACTIVE_COMPILATION_CONDITIONS = "DEBUG $(inherited)";
				SWIFT_OPTIMIZATION_LEVEL = "-Onone";
			};
			name = Debug;
		};
		13AA32172B0E32600012E612 /* Release */ = {
			isa = XCBuildConfiguration;
			buildSettings = {
				ALWAYS_SEARCH_USER_PATHS = NO;
				ASSETCATALOG_COMPILER_GENERATE_SWIFT_ASSET_SYMBOL_EXTENSIONS = YES;
				CLANG_ANALYZER_NONNULL = YES;
				CLANG_ANALYZER_NUMBER_OBJECT_CONVERSION = YES_AGGRESSIVE;
				CLANG_CXX_LANGUAGE_STANDARD = "gnu++20";
				CLANG_ENABLE_MODULES = YES;
				CLANG_ENABLE_OBJC_ARC = YES;
				CLANG_ENABLE_OBJC_WEAK = YES;
				CLANG_WARN_BLOCK_CAPTURE_AUTORELEASING = YES;
				CLANG_WARN_BOOL_CONVERSION = YES;
				CLANG_WARN_COMMA = YES;
				CLANG_WARN_CONSTANT_CONVERSION = YES;
				CLANG_WARN_DEPRECATED_OBJC_IMPLEMENTATIONS = YES;
				CLANG_WARN_DIRECT_OBJC_ISA_USAGE = YES_ERROR;
				CLANG_WARN_DOCUMENTATION_COMMENTS = YES;
				CLANG_WARN_EMPTY_BODY = YES;
				CLANG_WARN_ENUM_CONVERSION = YES;
				CLANG_WARN_INFINITE_RECURSION = YES;
				CLANG_WARN_INT_CONVERSION = YES;
				CLANG_WARN_NON_LITERAL_NULL_CONVERSION = YES;
				CLANG_WARN_OBJC_IMPLICIT_RETAIN_SELF = YES;
				CLANG_WARN_OBJC_LITERAL_CONVERSION = YES;
				CLANG_WARN_OBJC_ROOT_CLASS = YES_ERROR;
				CLANG_WARN_QUOTED_INCLUDE_IN_FRAMEWORK_HEADER = YES;
				CLANG_WARN_RANGE_LOOP_ANALYSIS = YES;
				CLANG_WARN_STRICT_PROTOTYPES = YES;
				CLANG_WARN_SUSPICIOUS_MOVE = YES;
				CLANG_WARN_UNGUARDED_AVAILABILITY = YES_AGGRESSIVE;
				CLANG_WARN_UNREACHABLE_CODE = YES;
				CLANG_WARN__DUPLICATE_METHOD_MATCH = YES;
				COPY_PHASE_STRIP = NO;
				DEBUG_INFORMATION_FORMAT = "dwarf-with-dsym";
				ENABLE_NS_ASSERTIONS = NO;
				ENABLE_STRICT_OBJC_MSGSEND = YES;
				ENABLE_USER_SCRIPT_SANDBOXING = YES;
				GCC_C_LANGUAGE_STANDARD = gnu17;
				GCC_NO_COMMON_BLOCKS = YES;
				GCC_WARN_64_TO_32_BIT_CONVERSION = YES;
				GCC_WARN_ABOUT_RETURN_TYPE = YES_ERROR;
				GCC_WARN_UNDECLARED_SELECTOR = YES;
				GCC_WARN_UNINITIALIZED_AUTOS = YES_AGGRESSIVE;
				GCC_WARN_UNUSED_FUNCTION = YES;
				GCC_WARN_UNUSED_VARIABLE = YES;
				IPHONEOS_DEPLOYMENT_TARGET = 17.0;
				LOCALIZATION_PREFERS_STRING_CATALOGS = YES;
				MTL_ENABLE_DEBUG_INFO = NO;
				MTL_FAST_MATH = YES;
				SDKROOT = iphoneos;
				SWIFT_COMPILATION_MODE = wholemodule;
				VALIDATE_PRODUCT = YES;
			};
			name = Release;
		};
		13AA32192B0E32600012E612 /* Debug */ = {
			isa = XCBuildConfiguration;
			buildSettings = {
				ALWAYS_EMBED_SWIFT_STANDARD_LIBRARIES = YES;
				ASSETCATALOG_COMPILER_APPICON_NAME = AppIcon;
				ASSETCATALOG_COMPILER_GLOBAL_ACCENT_COLOR_NAME = AccentColor;
				CODE_SIGN_STYLE = Automatic;
				CURRENT_PROJECT_VERSION = 1;
				DEVELOPMENT_ASSET_PATHS = "\"DEMO_WidgetApp/Preview Content\"";
				DEVELOPMENT_TEAM = 8683PB3PNR;
				ENABLE_PREVIEWS = YES;
				GENERATE_INFOPLIST_FILE = YES;
				INFOPLIST_KEY_UIApplicationSceneManifest_Generation = YES;
				INFOPLIST_KEY_UIApplicationSupportsIndirectInputEvents = YES;
				INFOPLIST_KEY_UILaunchScreen_Generation = YES;
				INFOPLIST_KEY_UISupportedInterfaceOrientations_iPad = "UIInterfaceOrientationPortrait UIInterfaceOrientationPortraitUpsideDown UIInterfaceOrientationLandscapeLeft UIInterfaceOrientationLandscapeRight";
				INFOPLIST_KEY_UISupportedInterfaceOrientations_iPhone = "UIInterfaceOrientationPortrait UIInterfaceOrientationLandscapeLeft UIInterfaceOrientationLandscapeRight";
				LD_RUNPATH_SEARCH_PATHS = (
					"$(inherited)",
					"@executable_path/Frameworks",
				);
				MARKETING_VERSION = 1.0;
				PRODUCT_BUNDLE_IDENTIFIER = "com.iJoe.DEMO-WidgetApp";
				PRODUCT_NAME = "$(TARGET_NAME)";
				SWIFT_EMIT_LOC_STRINGS = YES;
				SWIFT_VERSION = 5.0;
				TARGETED_DEVICE_FAMILY = "1,2";
			};
			name = Debug;
		};
		13AA321A2B0E32600012E612 /* Release */ = {
			isa = XCBuildConfiguration;
			buildSettings = {
				ALWAYS_EMBED_SWIFT_STANDARD_LIBRARIES = YES;
				ASSETCATALOG_COMPILER_APPICON_NAME = AppIcon;
				ASSETCATALOG_COMPILER_GLOBAL_ACCENT_COLOR_NAME = AccentColor;
				CODE_SIGN_STYLE = Automatic;
				CURRENT_PROJECT_VERSION = 1;
				DEVELOPMENT_ASSET_PATHS = "\"DEMO_WidgetApp/Preview Content\"";
				DEVELOPMENT_TEAM = 8683PB3PNR;
				ENABLE_PREVIEWS = YES;
				GENERATE_INFOPLIST_FILE = YES;
				INFOPLIST_KEY_UIApplicationSceneManifest_Generation = YES;
				INFOPLIST_KEY_UIApplicationSupportsIndirectInputEvents = YES;
				INFOPLIST_KEY_UILaunchScreen_Generation = YES;
				INFOPLIST_KEY_UISupportedInterfaceOrientations_iPad = "UIInterfaceOrientationPortrait UIInterfaceOrientationPortraitUpsideDown UIInterfaceOrientationLandscapeLeft UIInterfaceOrientationLandscapeRight";
				INFOPLIST_KEY_UISupportedInterfaceOrientations_iPhone = "UIInterfaceOrientationPortrait UIInterfaceOrientationLandscapeLeft UIInterfaceOrientationLandscapeRight";
				LD_RUNPATH_SEARCH_PATHS = (
					"$(inherited)",
					"@executable_path/Frameworks",
				);
				MARKETING_VERSION = 1.0;
				PRODUCT_BUNDLE_IDENTIFIER = "com.iJoe.DEMO-WidgetApp";
				PRODUCT_NAME = "$(TARGET_NAME)";
				SWIFT_EMIT_LOC_STRINGS = YES;
				SWIFT_VERSION = 5.0;
				TARGETED_DEVICE_FAMILY = "1,2";
			};
			name = Release;
		};
		13AA32762B0E410C0012E612 /* Debug */ = {
			isa = XCBuildConfiguration;
			buildSettings = {
				ASSETCATALOG_COMPILER_GLOBAL_ACCENT_COLOR_NAME = AccentColor;
				ASSETCATALOG_COMPILER_WIDGET_BACKGROUND_COLOR_NAME = WidgetBackground;
				CODE_SIGN_STYLE = Automatic;
				CURRENT_PROJECT_VERSION = 1;
				DEVELOPMENT_TEAM = 8683PB3PNR;
				GENERATE_INFOPLIST_FILE = YES;
				INFOPLIST_FILE = QuoteWidget/Info.plist;
				INFOPLIST_KEY_CFBundleDisplayName = QuoteWidget;
				INFOPLIST_KEY_NSHumanReadableCopyright = "";
				LD_RUNPATH_SEARCH_PATHS = (
					"$(inherited)",
					"@executable_path/Frameworks",
					"@executable_path/../../Frameworks",
				);
				MARKETING_VERSION = 1.0;
				PRODUCT_BUNDLE_IDENTIFIER = "com.iJoe.DEMO-WidgetApp.QuoteWidget";
				PRODUCT_NAME = "$(TARGET_NAME)";
				SKIP_INSTALL = YES;
				SWIFT_EMIT_LOC_STRINGS = YES;
				SWIFT_VERSION = 5.0;
				TARGETED_DEVICE_FAMILY = "1,2";
			};
			name = Debug;
		};
		13AA32772B0E410C0012E612 /* Release */ = {
			isa = XCBuildConfiguration;
			buildSettings = {
				ASSETCATALOG_COMPILER_GLOBAL_ACCENT_COLOR_NAME = AccentColor;
				ASSETCATALOG_COMPILER_WIDGET_BACKGROUND_COLOR_NAME = WidgetBackground;
				CODE_SIGN_STYLE = Automatic;
				CURRENT_PROJECT_VERSION = 1;
				DEVELOPMENT_TEAM = 8683PB3PNR;
				GENERATE_INFOPLIST_FILE = YES;
				INFOPLIST_FILE = QuoteWidget/Info.plist;
				INFOPLIST_KEY_CFBundleDisplayName = QuoteWidget;
				INFOPLIST_KEY_NSHumanReadableCopyright = "";
				LD_RUNPATH_SEARCH_PATHS = (
					"$(inherited)",
					"@executable_path/Frameworks",
					"@executable_path/../../Frameworks",
				);
				MARKETING_VERSION = 1.0;
				PRODUCT_BUNDLE_IDENTIFIER = "com.iJoe.DEMO-WidgetApp.QuoteWidget";
				PRODUCT_NAME = "$(TARGET_NAME)";
				SKIP_INSTALL = YES;
				SWIFT_EMIT_LOC_STRINGS = YES;
				SWIFT_VERSION = 5.0;
				TARGETED_DEVICE_FAMILY = "1,2";
			};
			name = Release;
		};
/* End XCBuildConfiguration section */

/* Begin XCConfigurationList section */
		13AA32052B0E325E0012E612 /* Build configuration list for PBXProject "DEMO_WidgetApp" */ = {
			isa = XCConfigurationList;
			buildConfigurations = (
				13AA32162B0E32600012E612 /* Debug */,
				13AA32172B0E32600012E612 /* Release */,
			);
			defaultConfigurationIsVisible = 0;
			defaultConfigurationName = Release;
		};
		13AA32182B0E32600012E612 /* Build configuration list for PBXNativeTarget "DEMO_WidgetApp" */ = {
			isa = XCConfigurationList;
			buildConfigurations = (
				13AA32192B0E32600012E612 /* Debug */,
				13AA321A2B0E32600012E612 /* Release */,
			);
			defaultConfigurationIsVisible = 0;
			defaultConfigurationName = Release;
		};
		13AA32782B0E410C0012E612 /* Build configuration list for PBXNativeTarget "QuoteWidgetExtension" */ = {
			isa = XCConfigurationList;
			buildConfigurations = (
				13AA32762B0E410C0012E612 /* Debug */,
				13AA32772B0E410C0012E612 /* Release */,
			);
			defaultConfigurationIsVisible = 0;
			defaultConfigurationName = Release;
		};
/* End XCConfigurationList section */
	};
	rootObject = 13AA32022B0E325E0012E612 /* Project object */;
}
